// !$*UTF8*$!
{
	archiveVersion = 1;
	classes = {
	};
	objectVersion = 56;
	objects = {

/* Begin PBXBuildFile section */
		016A15D12916731D00F5B853 /* main.cpp in Sources */ = {isa = PBXBuildFile; fileRef = 016A15D02916731D00F5B853 /* main.cpp */; };
		016A15DA29167C0600F5B853 /* SDL2.framework in Frameworks */ = {isa = PBXBuildFile; fileRef = 016A15D929167C0600F5B853 /* SDL2.framework */; };
		016A15DE29167C0900F5B853 /* SDL2_image.framework in Frameworks */ = {isa = PBXBuildFile; fileRef = 016A15DD29167C0900F5B853 /* SDL2_image.framework */; };
		01DE4DB02932469600E4AD87 /* SDL2_ttf.framework in Frameworks */ = {isa = PBXBuildFile; fileRef = 01DE4DAF2932469600E4AD87 /* SDL2_ttf.framework */; };
/* End PBXBuildFile section */

/* Begin PBXCopyFilesBuildPhase section */
		016A15CB2916731D00F5B853 /* CopyFiles */ = {
			isa = PBXCopyFilesBuildPhase;
			buildActionMask = 2147483647;
			dstPath = /usr/share/man/man1/;
			dstSubfolderSpec = 0;
			files = (
			);
			runOnlyForDeploymentPostprocessing = 1;
		};
/* End PBXCopyFilesBuildPhase section */

/* Begin PBXFileReference section */
		0103B1F72945F1BB000C9E09 /* lab_5_variant_3_task_1.cpp */ = {isa = PBXFileReference; lastKnownFileType = sourcecode.cpp.cpp; path = lab_5_variant_3_task_1.cpp; sourceTree = "<group>"; };
		016A15CD2916731D00F5B853 /* Labs */ = {isa = PBXFileReference; explicitFileType = "compiled.mach-o.executable"; includeInIndex = 0; path = Labs; sourceTree = BUILT_PRODUCTS_DIR; };
		016A15D02916731D00F5B853 /* main.cpp */ = {isa = PBXFileReference; lastKnownFileType = sourcecode.cpp.cpp; path = main.cpp; sourceTree = "<group>"; };
		016A15D929167C0600F5B853 /* SDL2.framework */ = {isa = PBXFileReference; lastKnownFileType = wrapper.framework; name = SDL2.framework; path = ../../../../Library/Frameworks/SDL2.framework; sourceTree = "<group>"; };
		016A15DD29167C0900F5B853 /* SDL2_image.framework */ = {isa = PBXFileReference; lastKnownFileType = wrapper.framework; name = SDL2_image.framework; path = ../../../../Library/Frameworks/SDL2_image.framework; sourceTree = "<group>"; };
		01B0EF40291A637B0034524E /* snow.png */ = {isa = PBXFileReference; lastKnownFileType = image.png; path = snow.png; sourceTree = "<group>"; };
		01B0EF46291A66400034524E /* lab_2_variant_2_task_2.cpp */ = {isa = PBXFileReference; lastKnownFileType = sourcecode.cpp.cpp; path = lab_2_variant_2_task_2.cpp; sourceTree = "<group>"; };
		01DE4DAF2932469600E4AD87 /* SDL2_ttf.framework */ = {isa = PBXFileReference; lastKnownFileType = wrapper.framework; name = SDL2_ttf.framework; path = ../../../../Library/Frameworks/SDL2_ttf.framework; sourceTree = "<group>"; };
		01DE4DB3293247BA00E4AD87 /* Roboto-Light.ttf */ = {isa = PBXFileReference; lastKnownFileType = file; path = "Roboto-Light.ttf"; sourceTree = "<group>"; };
		01F3D458291E69E900D5A08B /* lab_2_variant_2_task_1.cpp */ = {isa = PBXFileReference; lastKnownFileType = sourcecode.cpp.cpp; path = lab_2_variant_2_task_1.cpp; sourceTree = "<group>"; };
		01F98E47291B63E400328FA9 /* lab_3_variant_9.cpp */ = {isa = PBXFileReference; lastKnownFileType = sourcecode.cpp.cpp; path = lab_3_variant_9.cpp; sourceTree = "<group>"; };
/* End PBXFileReference section */

/* Begin PBXFrameworksBuildPhase section */
		016A15CA2916731D00F5B853 /* Frameworks */ = {
			isa = PBXFrameworksBuildPhase;
			buildActionMask = 2147483647;
			files = (
				016A15DA29167C0600F5B853 /* SDL2.framework in Frameworks */,
				01DE4DB02932469600E4AD87 /* SDL2_ttf.framework in Frameworks */,
				016A15DE29167C0900F5B853 /* SDL2_image.framework in Frameworks */,
			);
			runOnlyForDeploymentPostprocessing = 0;
		};
/* End PBXFrameworksBuildPhase section */

/* Begin PBXGroup section */
		016A15C42916731D00F5B853 = {
			isa = PBXGroup;
			children = (
				016A15CF2916731D00F5B853 /* Labs */,
				016A15CE2916731D00F5B853 /* Products */,
				016A15D72916771A00F5B853 /* Frameworks */,
			);
			sourceTree = "<group>";
		};
		016A15CE2916731D00F5B853 /* Products */ = {
			isa = PBXGroup;
			children = (
				016A15CD2916731D00F5B853 /* Labs */,
			);
			name = Products;
			sourceTree = "<group>";
		};
		016A15CF2916731D00F5B853 /* Labs */ = {
			isa = PBXGroup;
			children = (
				01B0EF3F291A621B0034524E /* assets */,
				016A15D02916731D00F5B853 /* main.cpp */,
				01B0EF46291A66400034524E /* lab_2_variant_2_task_2.cpp */,
				01F98E47291B63E400328FA9 /* lab_3_variant_9.cpp */,
				01F3D458291E69E900D5A08B /* lab_2_variant_2_task_1.cpp */,
				0103B1F72945F1BB000C9E09 /* lab_5_variant_3_task_1.cpp */,
			);
			path = Labs;
			sourceTree = "<group>";
		};
		016A15D72916771A00F5B853 /* Frameworks */ = {
			isa = PBXGroup;
			children = (
				01DE4DAF2932469600E4AD87 /* SDL2_ttf.framework */,
				016A15DD29167C0900F5B853 /* SDL2_image.framework */,
				016A15D929167C0600F5B853 /* SDL2.framework */,
			);
			name = Frameworks;
			sourceTree = "<group>";
		};
		01B0EF3F291A621B0034524E /* assets */ = {
			isa = PBXGroup;
			children = (
				01DE4DB3293247BA00E4AD87 /* Roboto-Light.ttf */,
				01B0EF40291A637B0034524E /* snow.png */,
			);
			path = assets;
			sourceTree = "<group>";
		};
/* End PBXGroup section */

/* Begin PBXNativeTarget section */
		016A15CC2916731D00F5B853 /* Labs */ = {
			isa = PBXNativeTarget;
			buildConfigurationList = 016A15D42916731D00F5B853 /* Build configuration list for PBXNativeTarget "Labs" */;
			buildPhases = (
				016A15C92916731D00F5B853 /* Sources */,
				016A15CA2916731D00F5B853 /* Frameworks */,
				016A15CB2916731D00F5B853 /* CopyFiles */,
			);
			buildRules = (
			);
			dependencies = (
			);
			name = Labs;
			productName = Labs;
			productReference = 016A15CD2916731D00F5B853 /* Labs */;
			productType = "com.apple.product-type.tool";
		};
/* End PBXNativeTarget section */

/* Begin PBXProject section */
		016A15C52916731D00F5B853 /* Project object */ = {
			isa = PBXProject;
			attributes = {
				BuildIndependentTargetsInParallel = 1;
				LastUpgradeCheck = 1410;
				TargetAttributes = {
					016A15CC2916731D00F5B853 = {
						CreatedOnToolsVersion = 14.1;
					};
				};
			};
			buildConfigurationList = 016A15C82916731D00F5B853 /* Build configuration list for PBXProject "Labs" */;
			compatibilityVersion = "Xcode 14.0";
			developmentRegion = en;
			hasScannedForEncodings = 0;
			knownRegions = (
				en,
				Base,
			);
			mainGroup = 016A15C42916731D00F5B853;
			productRefGroup = 016A15CE2916731D00F5B853 /* Products */;
			projectDirPath = "";
			projectRoot = "";
			targets = (
				016A15CC2916731D00F5B853 /* Labs */,
			);
		};
/* End PBXProject section */

/* Begin PBXSourcesBuildPhase section */
		016A15C92916731D00F5B853 /* Sources */ = {
			isa = PBXSourcesBuildPhase;
			buildActionMask = 2147483647;
			files = (
				016A15D12916731D00F5B853 /* main.cpp in Sources */,
			);
			runOnlyForDeploymentPostprocessing = 0;
		};
/* End PBXSourcesBuildPhase section */

/* Begin XCBuildConfiguration section */
		016A15D22916731D00F5B853 /* Debug */ = {
			isa = XCBuildConfiguration;
			buildSettings = {
				ALWAYS_SEARCH_USER_PATHS = NO;
				CLANG_ANALYZER_NONNULL = YES;
				CLANG_ANALYZER_NUMBER_OBJECT_CONVERSION = YES_AGGRESSIVE;
				CLANG_CXX_LANGUAGE_STANDARD = "gnu++20";
				CLANG_ENABLE_MODULES = YES;
				CLANG_ENABLE_OBJC_ARC = YES;
				CLANG_ENABLE_OBJC_WEAK = YES;
				CLANG_WARN_BLOCK_CAPTURE_AUTORELEASING = YES;
				CLANG_WARN_BOOL_CONVERSION = YES;
				CLANG_WARN_COMMA = YES;
				CLANG_WARN_CONSTANT_CONVERSION = YES;
				CLANG_WARN_DEPRECATED_OBJC_IMPLEMENTATIONS = YES;
				CLANG_WARN_DIRECT_OBJC_ISA_USAGE = YES_ERROR;
				CLANG_WARN_DOCUMENTATION_COMMENTS = YES;
				CLANG_WARN_EMPTY_BODY = YES;
				CLANG_WARN_ENUM_CONVERSION = YES;
				CLANG_WARN_INFINITE_RECURSION = YES;
				CLANG_WARN_INT_CONVERSION = YES;
				CLANG_WARN_NON_LITERAL_NULL_CONVERSION = YES;
				CLANG_WARN_OBJC_IMPLICIT_RETAIN_SELF = YES;
				CLANG_WARN_OBJC_LITERAL_CONVERSION = YES;
				CLANG_WARN_OBJC_ROOT_CLASS = YES_ERROR;
				CLANG_WARN_QUOTED_INCLUDE_IN_FRAMEWORK_HEADER = YES;
				CLANG_WARN_RANGE_LOOP_ANALYSIS = YES;
				CLANG_WARN_STRICT_PROTOTYPES = YES;
				CLANG_WARN_SUSPICIOUS_MOVE = YES;
				CLANG_WARN_UNGUARDED_AVAILABILITY = YES_AGGRESSIVE;
				CLANG_WARN_UNREACHABLE_CODE = YES;
				CLANG_WARN__DUPLICATE_METHOD_MATCH = YES;
				COPY_PHASE_STRIP = NO;
				DEBUG_INFORMATION_FORMAT = dwarf;
				ENABLE_STRICT_OBJC_MSGSEND = YES;
				ENABLE_TESTABILITY = YES;
				GCC_C_LANGUAGE_STANDARD = gnu11;
				GCC_DYNAMIC_NO_PIC = NO;
				GCC_NO_COMMON_BLOCKS = YES;
				GCC_OPTIMIZATION_LEVEL = 0;
				GCC_PREPROCESSOR_DEFINITIONS = (
					"DEBUG=1",
					"$(inherited)",
				);
				GCC_WARN_64_TO_32_BIT_CONVERSION = YES;
				GCC_WARN_ABOUT_RETURN_TYPE = YES_ERROR;
				GCC_WARN_UNDECLARED_SELECTOR = YES;
				GCC_WARN_UNINITIALIZED_AUTOS = YES_AGGRESSIVE;
				GCC_WARN_UNUSED_FUNCTION = YES;
				GCC_WARN_UNUSED_VARIABLE = YES;
				MACOSX_DEPLOYMENT_TARGET = 12.6;
				MTL_ENABLE_DEBUG_INFO = INCLUDE_SOURCE;
				MTL_FAST_MATH = YES;
				ONLY_ACTIVE_ARCH = YES;
				SDKROOT = macosx;
			};
			name = Debug;
		};
		016A15D32916731D00F5B853 /* Release */ = {
			isa = XCBuildConfiguration;
			buildSettings = {
				ALWAYS_SEARCH_USER_PATHS = NO;
				CLANG_ANALYZER_NONNULL = YES;
				CLANG_ANALYZER_NUMBER_OBJECT_CONVERSION = YES_AGGRESSIVE;
				CLANG_CXX_LANGUAGE_STANDARD = "gnu++20";
				CLANG_ENABLE_MODULES = YES;
				CLANG_ENABLE_OBJC_ARC = YES;
				CLANG_ENABLE_OBJC_WEAK = YES;
				CLANG_WARN_BLOCK_CAPTURE_AUTORELEASING = YES;
				CLANG_WARN_BOOL_CONVERSION = YES;
				CLANG_WARN_COMMA = YES;
				CLANG_WARN_CONSTANT_CONVERSION = YES;
				CLANG_WARN_DEPRECATED_OBJC_IMPLEMENTATIONS = YES;
				CLANG_WARN_DIRECT_OBJC_ISA_USAGE = YES_ERROR;
				CLANG_WARN_DOCUMENTATION_COMMENTS = YES;
				CLANG_WARN_EMPTY_BODY = YES;
				CLANG_WARN_ENUM_CONVERSION = YES;
				CLANG_WARN_INFINITE_RECURSION = YES;
				CLANG_WARN_INT_CONVERSION = YES;
				CLANG_WARN_NON_LITERAL_NULL_CONVERSION = YES;
				CLANG_WARN_OBJC_IMPLICIT_RETAIN_SELF = YES;
				CLANG_WARN_OBJC_LITERAL_CONVERSION = YES;
				CLANG_WARN_OBJC_ROOT_CLASS = YES_ERROR;
				CLANG_WARN_QUOTED_INCLUDE_IN_FRAMEWORK_HEADER = YES;
				CLANG_WARN_RANGE_LOOP_ANALYSIS = YES;
				CLANG_WARN_STRICT_PROTOTYPES = YES;
				CLANG_WARN_SUSPICIOUS_MOVE = YES;
				CLANG_WARN_UNGUARDED_AVAILABILITY = YES_AGGRESSIVE;
				CLANG_WARN_UNREACHABLE_CODE = YES;
				CLANG_WARN__DUPLICATE_METHOD_MATCH = YES;
				COPY_PHASE_STRIP = NO;
				DEBUG_INFORMATION_FORMAT = "dwarf-with-dsym";
				ENABLE_NS_ASSERTIONS = NO;
				ENABLE_STRICT_OBJC_MSGSEND = YES;
				GCC_C_LANGUAGE_STANDARD = gnu11;
				GCC_NO_COMMON_BLOCKS = YES;
				GCC_WARN_64_TO_32_BIT_CONVERSION = YES;
				GCC_WARN_ABOUT_RETURN_TYPE = YES_ERROR;
				GCC_WARN_UNDECLARED_SELECTOR = YES;
				GCC_WARN_UNINITIALIZED_AUTOS = YES_AGGRESSIVE;
				GCC_WARN_UNUSED_FUNCTION = YES;
				GCC_WARN_UNUSED_VARIABLE = YES;
				MACOSX_DEPLOYMENT_TARGET = 12.6;
				MTL_ENABLE_DEBUG_INFO = NO;
				MTL_FAST_MATH = YES;
				SDKROOT = macosx;
			};
			name = Release;
		};
		016A15D52916731D00F5B853 /* Debug */ = {
			isa = XCBuildConfiguration;
			buildSettings = {
				CODE_SIGN_STYLE = Automatic;
				FRAMEWORK_SEARCH_PATHS = (
					"$(inherited)",
					"$(LOCAL_LIBRARY_DIR)/Frameworks",
				);
				PRODUCT_NAME = "$(TARGET_NAME)";
			};
			name = Debug;
		};
		016A15D62916731D00F5B853 /* Release */ = {
			isa = XCBuildConfiguration;
			buildSettings = {
				CODE_SIGN_STYLE = Automatic;
				FRAMEWORK_SEARCH_PATHS = (
					"$(inherited)",
					"$(LOCAL_LIBRARY_DIR)/Frameworks",
				);
				PRODUCT_NAME = "$(TARGET_NAME)";
			};
			name = Release;
		};
/* End XCBuildConfiguration section */

/* Begin XCConfigurationList section */
		016A15C82916731D00F5B853 /* Build configuration list for PBXProject "Labs" */ = {
			isa = XCConfigurationList;
			buildConfigurations = (
				016A15D22916731D00F5B853 /* Debug */,
				016A15D32916731D00F5B853 /* Release */,
			);
			defaultConfigurationIsVisible = 0;
			defaultConfigurationName = Release;
		};
		016A15D42916731D00F5B853 /* Build configuration list for PBXNativeTarget "Labs" */ = {
			isa = XCConfigurationList;
			buildConfigurations = (
				016A15D52916731D00F5B853 /* Debug */,
				016A15D62916731D00F5B853 /* Release */,
			);
			defaultConfigurationIsVisible = 0;
			defaultConfigurationName = Release;
		};
/* End XCConfigurationList section */
	};
	rootObject = 016A15C52916731D00F5B853 /* Project object */;
}
